{
  "requires": true,
  "lockfileVersion": 1,
  "dependencies": {
    "@angular/animations": {
      "version": "6.1.10",
      "resolved": "https://registry.npmjs.org/@angular/animations/-/animations-6.1.10.tgz",
      "integrity": "sha512-dd/lq7kw3uwfHPICan8psu2nthuUpp7PvMLuNIm0XxObZ4oNs0ls6uxKEDPnEkRKoGdiJpvmsyzZZN9ACMPEAA==",
      "requires": {
        "tslib": "1.9.3"
      }
    },
    "@angular/common": {
      "version": "6.1.10",
      "resolved": "https://registry.npmjs.org/@angular/common/-/common-6.1.10.tgz",
      "integrity": "sha512-73xxTSYJNKfiJ7C1Ajg+sz5l8y+blb/vNgHYg7O3yem5zLBnfPpidJ1UGg4W4d2Y+jwUVJbZKh8SKJarqAJVUQ==",
      "requires": {
        "tslib": "1.9.3"
      }
    },
    "@angular/compiler": {
      "version": "6.1.10",
      "resolved": "https://registry.npmjs.org/@angular/compiler/-/compiler-6.1.10.tgz",
      "integrity": "sha512-FPIb2j3zfoBwb6vo/u0gQeu70h8InGlSisBr3xMACs/35/pwB6kbQR+JQiUr0D7k6QApg7AuMkvq8aFNelg0aw==",
      "requires": {
        "tslib": "1.9.3"
      }
    },
    "@angular/core": {
      "version": "6.1.10",
      "resolved": "https://registry.npmjs.org/@angular/core/-/core-6.1.10.tgz",
      "integrity": "sha512-61l3rIQTVdT45eOf6/fBJIeVmV10mcrxqS4N/1OWkuDT29YSJTZSxGcv8QjAyyutuhcqWWpO6gVRkN07rWmkPg==",
      "requires": {
        "tslib": "1.9.3"
      }
    },
    "@angular/forms": {
      "version": "6.1.10",
      "resolved": "https://registry.npmjs.org/@angular/forms/-/forms-6.1.10.tgz",
      "integrity": "sha512-zAPx2kMV1/FbP5DrY472Sd/ze1m+GS6T5ullZCtP392r62p2RkwzDCXieR51YiRJjZj3M6c3AcRND7PWBdXT7A==",
      "requires": {
        "tslib": "1.9.3"
      }
    },
    "@angular/http": {
      "version": "6.1.10",
      "resolved": "https://registry.npmjs.org/@angular/http/-/http-6.1.10.tgz",
      "integrity": "sha512-LDsSqyexh8fj23y+G2oSGLWSZVhbxBBo2ehYHnRgH/jlp0pmZVLRaGgUMNSCVtZc1rxLzpEjZjtw+P+qlutAtw==",
      "requires": {
        "tslib": "1.9.3"
      }
    },
    "@angular/platform-browser": {
      "version": "6.1.10",
      "resolved": "https://registry.npmjs.org/@angular/platform-browser/-/platform-browser-6.1.10.tgz",
      "integrity": "sha512-CB7pqMwtgb7KjdHDAJlsXcs0rrU+2xQVaoOaqEfJtUrKhtGMLaZh8Qoic5l92SoGattkOw7SYarAOsWlAsVfvw==",
      "requires": {
        "tslib": "1.9.3"
      }
    },
    "@angular/platform-browser-dynamic": {
      "version": "6.1.10",
      "resolved": "https://registry.npmjs.org/@angular/platform-browser-dynamic/-/platform-browser-dynamic-6.1.10.tgz",
      "integrity": "sha512-DmBSUyFPoyKqkmBXyJ2CrP1oXDioeoBlPA8lmWUDUv2yBuoHIzIkdY/OkTZbdyu/QYa1hK2Jl9OlfoeoenKddg==",
      "requires": {
        "tslib": "1.9.3"
      }
    },
    "@angular/router": {
      "version": "6.1.10",
      "resolved": "https://registry.npmjs.org/@angular/router/-/router-6.1.10.tgz",
      "integrity": "sha512-tekI3dkdvd65oMoxjjgRA+16uDgPUBWHhYxids6pgO8vobZNtCo8VaVlcDyLUhdmtS5kONELx0iL5E2M0Y2Bag==",
      "requires": {
        "tslib": "1.9.3"
      }
    },
    "@progress-nativechat/nativescript-nativechat": {
      "version": "2.0.3",
      "resolved": "https://registry.npmjs.org/@progress-nativechat/nativescript-nativechat/-/nativescript-nativechat-2.0.3.tgz",
      "integrity": "sha512-L5y/3bTVK4gdhEbFYoB5eD5s4aUysKYVrCIKThbYogpYkcKsKNxlKkufUX1SoOKwqO6+WeiC0bGQDDXx3y/qgQ=="
    },
    "kinvey-nativescript-sdk": {
      "version": "3.11.6",
      "resolved": "https://registry.npmjs.org/kinvey-nativescript-sdk/-/kinvey-nativescript-sdk-3.11.6.tgz",
      "integrity": "sha512-BRVItSIqIcC0PSrJdoDuUO3oFxUeJST+fTwwWtTiTcNkoLJVyhraIEHHvpudmJVTz9L31RS9WDxJyXfKz4Wixw==",
      "requires": {
        "nativescript-sqlite": "1.1.11",
        "rxjs": "5.5.12"
      },
      "dependencies": {
        "rxjs": {
          "version": "5.5.12",
          "resolved": "https://registry.npmjs.org/rxjs/-/rxjs-5.5.12.tgz",
          "integrity": "sha512-xx2itnL5sBbqeeiVgNPVuQQ1nC8Jp2WfNJhXWHmElW9YmrpS9UVnNzhP3EH3HFqexO5Tlp8GhYY+WEcqcVMvGw==",
          "requires": {
            "symbol-observable": "1.0.1"
          }
        }
      }
    },
    "nativescript-accelerometer": {
      "version": "2.0.1",
      "resolved": "https://registry.npmjs.org/nativescript-accelerometer/-/nativescript-accelerometer-2.0.1.tgz",
      "integrity": "sha1-7u7rDi5UfcMbcrpZa2iHw6RsJ2E="
    },
    "nativescript-angular": {
      "version": "6.2.0",
      "resolved": "https://registry.npmjs.org/nativescript-angular/-/nativescript-angular-6.2.0.tgz",
      "integrity": "sha512-N3aJCqUngPa2ZkImd+fKJXz9R1pakwyTazc7ybck8UE0J1OhLSLbHY25SvkTsEd2qoljLUw7IB89UdIvzAsRsg==",
      "requires": {
        "nativescript-intl": "3.0.0",
        "reflect-metadata": "0.1.12"
      }
    },
    "nativescript-background-http": {
      "version": "3.3.0",
      "resolved": "https://registry.npmjs.org/nativescript-background-http/-/nativescript-background-http-3.3.0.tgz",
      "integrity": "sha512-+eE3EvY13emCCEUbWcuwTl+h9K0jznZBYOuD4zQjQwJKtA0heIslcpxwF/RqqsHBaMBjUBfmee0yeAl9aSmd3w=="
    },
    "nativescript-camera": {
      "version": "4.0.3",
      "resolved": "https://registry.npmjs.org/nativescript-camera/-/nativescript-camera-4.0.3.tgz",
      "integrity": "sha512-27Viu//Imhl4XT/zAZONeb7rJ6LqqA/R6NTsCNvi4V0FnOxNhd+5Ki+7kIlG9EFbDOLkpWMIe4vfL3kfpou1jA==",
      "requires": {
        "nativescript-permissions": "1.2.3"
      }
    },
    "nativescript-fresco": {
      "version": "5.1.0",
      "resolved": "https://registry.npmjs.org/nativescript-fresco/-/nativescript-fresco-5.1.0.tgz",
      "integrity": "sha512-5byNWnlLArpRgsvpWan+rhhoABaOLwqephnZVl9kC4K5KhW43weOnIWWq0uiPan+cDnX/LIvTOHsbmtlnx9u+w=="
    },
    "nativescript-geolocation": {
      "version": "4.3.1",
      "resolved": "https://registry.npmjs.org/nativescript-geolocation/-/nativescript-geolocation-4.3.1.tgz",
      "integrity": "sha512-bzbQoqJk4svAxsETmjWyAxwmG5CJYmgtdNbFrXegvxiSFcepu7LmrqEnN9QokEcutG8ckU3/xBBsJeZll/1drw==",
      "requires": {
        "nativescript-permissions": "1.2.3"
      }
    },
    "nativescript-imagepicker": {
      "version": "6.0.4",
      "resolved": "https://registry.npmjs.org/nativescript-imagepicker/-/nativescript-imagepicker-6.0.4.tgz",
      "integrity": "sha512-O44c/FZSxeIGLsl/gqFCplDvPB1NTQW48SuNVHn1AL6pI2TVXHaCgqVR1Ik0H3bJnn38WPLUWp++sweaoCKQtg==",
      "requires": {
        "nativescript-permissions": "1.2.3"
      }
    },
    "nativescript-intl": {
      "version": "3.0.0",
      "resolved": "https://registry.npmjs.org/nativescript-intl/-/nativescript-intl-3.0.0.tgz",
      "integrity": "sha1-gu6b59N3Fys8QpVzRyMDdijhhqc="
    },
    "nativescript-iqkeyboardmanager": {
      "version": "1.3.0",
      "resolved": "https://registry.npmjs.org/nativescript-iqkeyboardmanager/-/nativescript-iqkeyboardmanager-1.3.0.tgz",
      "integrity": "sha1-pRI14noXDVhb3RoQDQJPj87eE6I="
    },
    "nativescript-permissions": {
      "version": "1.2.3",
      "resolved": "https://registry.npmjs.org/nativescript-permissions/-/nativescript-permissions-1.2.3.tgz",
      "integrity": "sha1-4+ZVRfmP5IjdVXj3/5DrrjCI5wA="
    },
    "nativescript-social-share": {
      "version": "1.5.1",
      "resolved": "https://registry.npmjs.org/nativescript-social-share/-/nativescript-social-share-1.5.1.tgz",
      "integrity": "sha512-G/aoahMwKt+eOKivUuZFfb271Z7zYonQpc60XzXD+G1TE35SE/GQ/eYzuVBnkvSJHYz8XaA/UarzX0HstWoYgA=="
    },
    "nativescript-sqlite": {
      "version": "1.1.11",
      "resolved": "https://registry.npmjs.org/nativescript-sqlite/-/nativescript-sqlite-1.1.11.tgz",
      "integrity": "sha512-umgv6Y1e+WldHLCbC9kjhVa9VE1O0e0oPLtJveXidzpiIJAWT9x+NYcFQsBFcPBdzmy6HKqrINvT5DhVYs+DOA=="
    },
    "nativescript-theme-core": {
      "version": "1.0.4",
      "resolved": "https://registry.npmjs.org/nativescript-theme-core/-/nativescript-theme-core-1.0.4.tgz",
      "integrity": "sha1-zyiAx/vy/l9D4iNdMJdQeQgD7+E="
    },
    "nativescript-ui-autocomplete": {
      "version": "3.10.1",
      "resolved": "https://registry.npmjs.org/nativescript-ui-autocomplete/-/nativescript-ui-autocomplete-3.10.1.tgz",
      "integrity": "sha512-fco2/+rEj2ZSExuXgI/uRPqzyJ35dvB25MiS1B0YrfWW+0z7Vcjgbk3kMR4d279ZCjaNMP5Kqfx3hTKqfT15jA==",
      "requires": {
        "nativescript-ui-core": "2.0.1"
      }
    },
    "nativescript-ui-calendar": {
      "version": "3.9.0",
      "resolved": "https://registry.npmjs.org/nativescript-ui-calendar/-/nativescript-ui-calendar-3.9.0.tgz",
      "integrity": "sha512-Qe9ZyaBlUbI0p/TzyRpDM17+4fJrJGDr12+ZHAPgpqP1Xy5WLxud+X6iHBOyO31QR1BiG5kLu1Rh8DKUIz1xlw==",
      "requires": {
        "nativescript-ui-core": "2.0.1"
      }
    },
    "nativescript-ui-chart": {
      "version": "3.9.1",
      "resolved": "https://registry.npmjs.org/nativescript-ui-chart/-/nativescript-ui-chart-3.9.1.tgz",
      "integrity": "sha512-hyjvZr5kxQW15csRoYkD/R4NWlNATe0C1T17ZTGO2s4xwWjmidKlVlHcQPIUQkH6fppYVQ7g1xvNIPiEh+R62w==",
      "requires": {
        "nativescript-ui-core": "2.0.1"
      }
    },
    "nativescript-ui-core": {
      "version": "2.0.1",
      "resolved": "https://registry.npmjs.org/nativescript-ui-core/-/nativescript-ui-core-2.0.1.tgz",
      "integrity": "sha512-6XeRrbp3cP7MFqny6TXpF8VVwhA5bfE2iC1RIB+YjEclK+gC1b+4iov4Yl8c4oP6CMQ40AfwU11R9cEsuRr81g=="
    },
    "nativescript-ui-dataform": {
      "version": "3.7.4",
      "resolved": "https://registry.npmjs.org/nativescript-ui-dataform/-/nativescript-ui-dataform-3.7.4.tgz",
      "integrity": "sha512-0nTgSSEfPcSJv5vtJBmhmOygqe4y+v+6lOWreEna/9uZpbDUBoV/uUyTnaXzYlF/1Q0K762mPD2KcomPILKIPw==",
      "requires": {
        "nativescript-ui-autocomplete": "3.10.1",
        "nativescript-ui-core": "2.0.1"
      }
    },
    "nativescript-ui-gauge": {
      "version": "3.7.1",
      "resolved": "https://registry.npmjs.org/nativescript-ui-gauge/-/nativescript-ui-gauge-3.7.1.tgz",
      "integrity": "sha512-H4J/iqSq6XpEEUibIZJcFVN5TAOL3t0bHVV4LQUnumHsFJDuegJOGyp+eV+i5JaFdJa5QkHd/Y6S/dwtg+wfrA==",
      "requires": {
        "nativescript-ui-core": "2.0.1"
      }
    },
    "nativescript-ui-listview": {
      "version": "3.7.2",
      "resolved": "https://registry.npmjs.org/nativescript-ui-listview/-/nativescript-ui-listview-3.7.2.tgz",
      "integrity": "sha512-n96xixNjCD73mhIIRHQ2Wg0JgjK3Spxhl9WnHnx1TB98z+JiiZv/n1O1h/4loOg7S45xA+lpPdm1F4QXbDvPrw==",
      "requires": {
        "nativescript-ui-core": "2.0.1"
      }
    },
    "nativescript-ui-sidedrawer": {
      "version": "5.0.0",
      "resolved": "https://registry.npmjs.org/nativescript-ui-sidedrawer/-/nativescript-ui-sidedrawer-5.0.0.tgz",
      "integrity": "sha512-JqByaiGOZWenrsrm54FW5+ZVejStayHKe13nPNvcxRFKq7aVeFdrGoFpfkSFhoUxI1uzLJP8OrOzihl+fcAg1w==",
      "requires": {
        "nativescript-ui-core": "2.0.1"
      }
    },
    "reflect-metadata": {
      "version": "0.1.12",
      "resolved": "https://registry.npmjs.org/reflect-metadata/-/reflect-metadata-0.1.12.tgz",
      "integrity": "sha512-n+IyV+nGz3+0q3/Yf1ra12KpCyi001bi4XFxSjbiWWjfqb52iTTtpGXmCCAOWWIAn9KEuFZKGqBERHmrtScZ3A=="
    },
    "rxjs": {
      "version": "6.2.2",
      "resolved": "https://registry.npmjs.org/rxjs/-/rxjs-6.2.2.tgz",
      "integrity": "sha512-0MI8+mkKAXZUF9vMrEoPnaoHkfzBPP4IGwUYRJhIRJF6/w3uByO1e91bEHn8zd43RdkTMKiooYKmwz7RH6zfOQ==",
      "requires": {
        "tslib": "1.9.3"
      }
    },
    "symbol-observable": {
      "version": "1.0.1",
      "resolved": "https://registry.npmjs.org/symbol-observable/-/symbol-observable-1.0.1.tgz",
      "integrity": "sha1-g0D8RwLDEi310iKI+IKD9RPT/dQ="
    },
    "tns-core-modules": {
      "version": "5.0.1",
      "resolved": "https://registry.npmjs.org/tns-core-modules/-/tns-core-modules-5.0.1.tgz",
      "integrity": "sha512-HVT+bkIji1lcVA8r1KCBBAvaRBZ6nb0+3CWZLyDDYz5OA+omIuW35FuuFLdssVAptUus4f37w7+TUkkOk3hZ7Q==",
      "requires": {
        "tns-core-modules-widgets": "5.0.1",
        "tslib": "1.9.3"
      }
    },
    "tns-core-modules-widgets": {
      "version": "5.0.1",
      "resolved": "https://registry.npmjs.org/tns-core-modules-widgets/-/tns-core-modules-widgets-5.0.1.tgz",
      "integrity": "sha512-zDml+PISblTkAQ+Xd4JcMHl/o5dpAn0B+R2fLtxWjNIhkNzNfz+FmfMtH7Js2wnwtLp+kC2ZNOQRVAzOBquxAQ=="
    },
    "tslib": {
      "version": "1.9.3",
      "resolved": "https://registry.npmjs.org/tslib/-/tslib-1.9.3.tgz",
      "integrity": "sha512-4krF8scpejhaOgqzBEcGM7yDIEfi0/8+8zDRZhNZZ2kjmHJ4hv3zCbQWxoJGz1iw5U0Jl0nma13xzHXcncMavQ=="
    },
    "typescript": {
      "version": "2.7.2",
      "resolved": "http://registry.npmjs.org/typescript/-/typescript-2.7.2.tgz",
      "integrity": "sha512-p5TCYZDAO0m4G344hD+wx/LATebLWZNkkh2asWUFqSsD2OrDNhbAHuSjobrmsUmdzjJjEeZVU9g1h3O6vpstnw==",
      "dev": true
    },
    "zone.js": {
      "version": "0.8.26",
      "resolved": "https://registry.npmjs.org/zone.js/-/zone.js-0.8.26.tgz",
      "integrity": "sha512-W9Nj+UmBJG251wkCacIkETgra4QgBo/vgoEkb4a2uoLzpQG7qF9nzwoLXWU5xj3Fg2mxGvEDh47mg24vXccYjA=="
    }
  }
}
